
Microsoft Visual Studio Solution File, Format Version 12.00
# Visual Studio Version 16
VisualStudioVersion = 16.0.29418.71
MinimumVisualStudioVersion = 10.0.40219.1
Project("{FAE04EC0-301F-11D3-BF4B-00C04F79EFBC}") = "A2_Q5", "A2_Q5\A2_Q5.csproj", "{450F8AAA-4D55-428F-9D10-BDBF34DD23DF}"
EndProject
Global
	GlobalSection(SolutionConfigurationPlatforms) = preSolution
		Debug|Any CPU = Debug|Any CPU
		Release|Any CPU = Release|Any CPU
	EndGlobalSection
	GlobalSection(ProjectConfigurationPlatforms) = postSolution
		{450F8AAA-4D55-428F-9D10-BDBF34DD23DF}.Debug|Any CPU.ActiveCfg = Debug|Any CPU
		{450F8AAA-4D55-428F-9D10-BDBF34DD23DF}.Debug|Any CPU.Build.0 = Debug|Any CPU
		{450F8AAA-4D55-428F-9D10-BDBF34DD23DF}.Release|Any CPU.ActiveCfg = Release|Any CPU
		{450F8AAA-4D55-428F-9D10-BDBF34DD23DF}.Release|Any CPU.Build.0 = Release|Any CPU
	EndGlobalSection
	GlobalSection(SolutionProperties) = preSolution
		HideSolutionNode = FALSE
	EndGlobalSection
	GlobalSection(ExtensibilityGlobals) = postSolution
		SolutionGuid = {152D5AA5-B211-4519-AFCC-9F5F9AA0DB75}
	EndGlobalSection
EndGlobal
